{
  "version": "5",
  "specifiers": {
    "jsr:@std/assert@1": "1.0.18",
    "jsr:@std/internal@^1.0.12": "1.0.12",
    "npm:gramio@*": "0.5.0_@gramio+types@9.4.1",
    "npm:gramio@0.5": "0.5.0_@gramio+types@9.4.1",
    "npm:openai@*": "6.22.0_zod@4.3.6",
    "npm:surrealdb@^1.3.2": "1.3.2_tslib@2.6.3_typescript@5.9.3",
    "npm:zod@^4.3.6": "4.3.6"
  },
  "jsr": {
    "@std/assert@1.0.18": {
      "integrity": "270245e9c2c13b446286de475131dc688ca9abcd94fc5db41d43a219b34d1c78",
      "dependencies": [
        "jsr:@std/internal"
      ]
    },
    "@std/internal@1.0.12": {
      "integrity": "972a634fd5bc34b242024402972cd5143eac68d8dffaca5eaa4dba30ce17b027"
    }
  },
  "npm": {
    "@gramio/callback-data@0.0.3": {
      "integrity": "sha512-fL+fo3c58dIE6cl2yEoG9E4Y+mT+zvpw7PXImcATFVdRcK4mnuDzzxyOOibopzjKNszlHQZXYJer515kBr81RQ=="
    },
    "@gramio/composer@0.2.0": {
      "integrity": "sha512-rjXePc47md99qPsxcfA9Uj+h10X2RxDPX/h88PXwVMH+98yh8KXmk4ZlNqcG+Bj7Pxn1/9ysrFL2B+NislxPJQ=="
    },
    "@gramio/contexts@0.4.0_@gramio+types@9.4.1_inspectable@3.0.2": {
      "integrity": "sha512-yWThdaII6ewPWvVlYHYWzVKGAmzMmP0PDYkdLz64Jd8sKh2vmimLap7nVcw0ZvITY5U6USDJX8Cxun/rvx7qmA==",
      "dependencies": [
        "@gramio/types",
        "inspectable"
      ]
    },
    "@gramio/files@0.3.0": {
      "integrity": "sha512-ZdrwRm57xxWzQ+KxGB5V2aC6raZ9B0yZavkPhd0JzKFUkKS1jbeG3W35qQxdlZZLtD9aeZbjwRAHk4VrRDbpqA==",
      "dependencies": [
        "@gramio/types"
      ]
    },
    "@gramio/format@0.3.4": {
      "integrity": "sha512-j5fUVG8cJ4Oi3Tdtxp1K5K34ED/Btkg4ctpFdLDIOHRvN9N8TUIw7MwqPRxNYBXTXawJ2YmPTkEahitbMSjZOA==",
      "dependencies": [
        "@gramio/types"
      ]
    },
    "@gramio/keyboards@1.3.0": {
      "integrity": "sha512-bIt2gJPRawDM5AjFW4oEvxUls1cp2d6gOrfmGtLrkBvNjR5QqsLmKmItXAh2uFDEhJjY5mFsPVIoH7J3xA0j+w==",
      "dependencies": [
        "@gramio/types"
      ]
    },
    "@gramio/types@9.4.1": {
      "integrity": "sha512-mkX7cojQQswt/r6CF16yBKsTRYIpWK1c0yq8Hx1oeil0w+FI7MgHrVr2K1s14ZcBgvNArkjt0PPnejWITknSUg=="
    },
    "debug@4.4.3": {
      "integrity": "sha512-RGwwWnwQvkVfavKVt22FGLw+xYSdzARwm0ru6DhTVA3umU5hZc28V3kO4stgYryrTlLpuvgI9GiijltAjNbcqA==",
      "dependencies": [
        "ms"
      ]
    },
    "gramio@0.5.0_@gramio+types@9.4.1": {
      "integrity": "sha512-QrXBUWaLC18f/wvhldkHh79lrAnEiKQRDgOnGvINUmgJTDKwEx+R43f4/jIKGfW2Fpt7ezCfHpob/K6ll0+0sg==",
      "dependencies": [
        "@gramio/callback-data",
        "@gramio/composer",
        "@gramio/contexts",
        "@gramio/files",
        "@gramio/format",
        "@gramio/keyboards",
        "@gramio/types",
        "debug"
      ]
    },
    "inspectable@3.0.2": {
      "integrity": "sha512-XHygPjNXXe1TWQLlVdCYLejUklsGGo+XWS3Cn/RlkvnhkbZqcQxoXPrSh7Via5aATYJUMWVnrD5CbW2c+BtKMA=="
    },
    "isows@1.0.7_ws@8.18.3": {
      "integrity": "sha512-I1fSfDCZL5P0v33sVqeTDSpcstAg/N+wF5HS033mogOVIp4B+oHC7oOCsA3axAbBSGTJ8QubbNmnIRN/h8U7hg==",
      "dependencies": [
        "ws"
      ]
    },
    "ms@2.1.3": {
      "integrity": "sha512-6FlzubTLZG3J2a/NVCAleEhjzq5oxgHyaCU9yYXvcLsvoVaHJq/s5xXI6/XXP6tz7R9xAOtHnSO/tXtF3WRTlA=="
    },
    "openai@6.22.0_zod@4.3.6": {
      "integrity": "sha512-7Yvy17F33Bi9RutWbsaYt5hJEEJ/krRPOrwan+f9aCPuMat1WVsb2VNSII5W1EksKT6fF69TG/xj4XzodK3JZw==",
      "dependencies": [
        "zod"
      ],
      "optionalPeers": [
        "zod"
      ],
      "bin": true
    },
    "surrealdb@1.3.2_tslib@2.6.3_typescript@5.9.3": {
      "integrity": "sha512-mL7nij33iuon3IQP72F46fgX3p2LAxFCWCBDbZB7IohZ13RTEwJVNq7nZeP1eMSceQUpKzS6OHIWOuF9LYAkNw==",
      "dependencies": [
        "isows",
        "tslib",
        "typescript",
        "uuidv7"
      ]
    },
    "tslib@2.6.3": {
      "integrity": "sha512-xNvxJEOUiWPGhUuUdQgAJPKOOJfGnIyKySOc09XkKsgdUV/3E2zvwZYdejjmRgPCgcym1juLH3226yA7sEFJKQ=="
    },
    "typescript@5.9.3": {
      "integrity": "sha512-jl1vZzPDinLr9eUt3J/t7V6FgNEw9QjvBPdysz9KfQDD41fQrC2Y4vKQdiaUpFT4bXlb1RHhLpp8wtm6M5TgSw==",
      "bin": true
    },
    "uuidv7@1.0.2": {
      "integrity": "sha512-8JQkH4ooXnm1JCIhqTMbtmdnYEn6oKukBxHn1Ic9878jMkL7daTI7anTExfY18VRCX7tcdn5quzvCb6EWrR8PA==",
      "bin": true
    },
    "ws@8.18.3": {
      "integrity": "sha512-PEIGCY5tSlUt50cqyMXfCzX+oOPqN0vuGqWzbcJ2xvnkzkq46oOpz7dQaTDBdfICb4N14+GARUDw2XV2N4tvzg=="
    },
    "zod@4.3.6": {
      "integrity": "sha512-rftlrkhHZOcjDwkGlnUtZZkvaPHCsDATp4pGpuOOMDaTdDDXF91wuVDJoWoPsKX/3YPQ5fHuF3STjcYyKr+Qhg=="
    }
  },
  "workspace": {
    "dependencies": [
      "jsr:@std/assert@1",
      "npm:gramio@0.5",
      "npm:surrealdb@^1.3.2",
      "npm:zod@^4.3.6"
    ]
  }
}
